
Microsoft Visual Studio Solution File, Format Version 12.00
# Visual Studio Version 17
VisualStudioVersion = 17.14.36401.2 d17.14
MinimumVisualStudioVersion = 10.0.40219.1
Project("{FAE04EC0-301F-11D3-BF4B-00C04F79EFBC}") = "BudgetTracker", "BudgetTracker.csproj", "{70DE7D52-EA06-4D52-9E56-9A8A3C443A22}"
EndProject
Global
	GlobalSection(SolutionConfigurationPlatforms) = preSolution
		Debug|Any CPU = Debug|Any CPU
		Release|Any CPU = Release|Any CPU
	EndGlobalSection
	GlobalSection(ProjectConfigurationPlatforms) = postSolution
		{70DE7D52-EA06-4D52-9E56-9A8A3C443A22}.Debug|Any CPU.ActiveCfg = Debug|Any CPU
		{70DE7D52-EA06-4D52-9E56-9A8A3C443A22}.Debug|Any CPU.Build.0 = Debug|Any CPU
		{70DE7D52-EA06-4D52-9E56-9A8A3C443A22}.Release|Any CPU.ActiveCfg = Release|Any CPU
		{70DE7D52-EA06-4D52-9E56-9A8A3C443A22}.Release|Any CPU.Build.0 = Release|Any CPU
	EndGlobalSection
	GlobalSection(SolutionProperties) = preSolution
		HideSolutionNode = FALSE
	EndGlobalSection
	GlobalSection(ExtensibilityGlobals) = postSolution
		SolutionGuid = {3A8115D6-0DB1-491D-A29A-032B73943B53}
	EndGlobalSection
EndGlobal
